
Microsoft Visual Studio Solution File, Format Version 12.00
# Visual Studio Version 16
VisualStudioVersion = 16.0.30002.166
MinimumVisualStudioVersion = 10.0.40219.1
Project("{FAE04EC0-301F-11D3-BF4B-00C04F79EFBC}") = "AllegroClient", "AllegroClient\AllegroClient.csproj", "{6AA4B6DA-A1FE-43B1-B820-ED787AF0A4D8}"
EndProject
Global
	GlobalSection(SolutionConfigurationPlatforms) = preSolution
		Debug|Any CPU = Debug|Any CPU
		Release|Any CPU = Release|Any CPU
	EndGlobalSection
	GlobalSection(ProjectConfigurationPlatforms) = postSolution
		{6AA4B6DA-A1FE-43B1-B820-ED787AF0A4D8}.Debug|Any CPU.ActiveCfg = Debug|Any CPU
		{6AA4B6DA-A1FE-43B1-B820-ED787AF0A4D8}.Debug|Any CPU.Build.0 = Debug|Any CPU
		{6AA4B6DA-A1FE-43B1-B820-ED787AF0A4D8}.Release|Any CPU.ActiveCfg = Release|Any CPU
		{6AA4B6DA-A1FE-43B1-B820-ED787AF0A4D8}.Release|Any CPU.Build.0 = Release|Any CPU
	EndGlobalSection
	GlobalSection(SolutionProperties) = preSolution
		HideSolutionNode = FALSE
	EndGlobalSection
	GlobalSection(ExtensibilityGlobals) = postSolution
		SolutionGuid = {71A0EC05-2290-4B46-90E9-4D990A9D317B}
	EndGlobalSection
EndGlobal
